
Microsoft Visual Studio Solution File, Format Version 12.00
# Visual Studio Version 17
VisualStudioVersion = 17.8.34330.188
MinimumVisualStudioVersion = 10.0.40219.1
Project("{FAE04EC0-301F-11D3-BF4B-00C04F79EFBC}") = "Karar Verme Dönem Ödevi", "Karar Verme Dönem Ödevi.csproj", "{88F65432-8B55-49D0-B510-CFAD254D3076}"
EndProject
Global
	GlobalSection(SolutionConfigurationPlatforms) = preSolution
		Debug|Any CPU = Debug|Any CPU
		Release|Any CPU = Release|Any CPU
	EndGlobalSection
	GlobalSection(ProjectConfigurationPlatforms) = postSolution
		{88F65432-8B55-49D0-B510-CFAD254D3076}.Debug|Any CPU.ActiveCfg = Debug|Any CPU
		{88F65432-8B55-49D0-B510-CFAD254D3076}.Debug|Any CPU.Build.0 = Debug|Any CPU
		{88F65432-8B55-49D0-B510-CFAD254D3076}.Release|Any CPU.ActiveCfg = Release|Any CPU
		{88F65432-8B55-49D0-B510-CFAD254D3076}.Release|Any CPU.Build.0 = Release|Any CPU
	EndGlobalSection
	GlobalSection(SolutionProperties) = preSolution
		HideSolutionNode = FALSE
	EndGlobalSection
	GlobalSection(ExtensibilityGlobals) = postSolution
		SolutionGuid = {C918AA1C-466B-40AF-BC91-0DCBE2625800}
	EndGlobalSection
EndGlobal
